
Microsoft Visual Studio Solution File, Format Version 12.00
# Visual Studio Version 16
VisualStudioVersion = 16.0.29911.98
MinimumVisualStudioVersion = 10.0.40219.1
Project("{FAE04EC0-301F-11D3-BF4B-00C04F79EFBC}") = "MyTrips.Common", "MyTrips.Common\MyTrips.Common.csproj", "{46E8F48D-9978-42FB-BDE6-55C408E48482}"
EndProject
Project("{FAE04EC0-301F-11D3-BF4B-00C04F79EFBC}") = "MyTrips.Web", "MyTrips.Web\MyTrips.Web.csproj", "{4D6A6563-1A7B-4B30-B311-663089113620}"
EndProject
Project("{FAE04EC0-301F-11D3-BF4B-00C04F79EFBC}") = "MyTrips.Prism", "MyTrips.Prism\MyTrips.Prism\MyTrips.Prism.csproj", "{F09498A8-5744-4E6C-877B-2B976DFC9F5D}"
EndProject
Project("{FAE04EC0-301F-11D3-BF4B-00C04F79EFBC}") = "MyTrips.Prism.Android", "MyTrips.Prism\MyTrips.Prism.Android\MyTrips.Prism.Android.csproj", "{256447B0-ECF2-407A-8132-3D45A641F254}"
EndProject
Project("{FAE04EC0-301F-11D3-BF4B-00C04F79EFBC}") = "MyTrips.Prism.iOS", "MyTrips.Prism\MyTrips.Prism.iOS\MyTrips.Prism.iOS.csproj", "{339AFAD9-B789-4C44-8121-4D08E2355789}"
EndProject
Project("{FAE04EC0-301F-11D3-BF4B-00C04F79EFBC}") = "MyTrips.Cross.Android", "MyTrips.Cross.Android\MyTrips.Cross.Android.csproj", "{477B2803-F7CA-41F4-BD69-3877B2B51230}"
EndProject
Global
	GlobalSection(SolutionConfigurationPlatforms) = preSolution
		Ad-Hoc|Any CPU = Ad-Hoc|Any CPU
		Ad-Hoc|iPhone = Ad-Hoc|iPhone
		Ad-Hoc|iPhoneSimulator = Ad-Hoc|iPhoneSimulator
		AppStore|Any CPU = AppStore|Any CPU
		AppStore|iPhone = AppStore|iPhone
		AppStore|iPhoneSimulator = AppStore|iPhoneSimulator
		Debug|Any CPU = Debug|Any CPU
		Debug|iPhone = Debug|iPhone
		Debug|iPhoneSimulator = Debug|iPhoneSimulator
		Release|Any CPU = Release|Any CPU
		Release|iPhone = Release|iPhone
		Release|iPhoneSimulator = Release|iPhoneSimulator
	EndGlobalSection
	GlobalSection(ProjectConfigurationPlatforms) = postSolution
		{46E8F48D-9978-42FB-BDE6-55C408E48482}.Ad-Hoc|Any CPU.ActiveCfg = Debug|Any CPU
		{46E8F48D-9978-42FB-BDE6-55C408E48482}.Ad-Hoc|Any CPU.Build.0 = Debug|Any CPU
		{46E8F48D-9978-42FB-BDE6-55C408E48482}.Ad-Hoc|iPhone.ActiveCfg = Debug|Any CPU
		{46E8F48D-9978-42FB-BDE6-55C408E48482}.Ad-Hoc|iPhone.Build.0 = Debug|Any CPU
		{46E8F48D-9978-42FB-BDE6-55C408E48482}.Ad-Hoc|iPhoneSimulator.ActiveCfg = Debug|Any CPU
		{46E8F48D-9978-42FB-BDE6-55C408E48482}.Ad-Hoc|iPhoneSimulator.Build.0 = Debug|Any CPU
		{46E8F48D-9978-42FB-BDE6-55C408E48482}.AppStore|Any CPU.ActiveCfg = Debug|Any CPU
		{46E8F48D-9978-42FB-BDE6-55C408E48482}.AppStore|Any CPU.Build.0 = Debug|Any CPU
		{46E8F48D-9978-42FB-BDE6-55C408E48482}.AppStore|iPhone.ActiveCfg = Debug|Any CPU
		{46E8F48D-9978-42FB-BDE6-55C408E48482}.AppStore|iPhone.Build.0 = Debug|Any CPU
		{46E8F48D-9978-42FB-BDE6-55C408E48482}.AppStore|iPhoneSimulator.ActiveCfg = Debug|Any CPU
		{46E8F48D-9978-42FB-BDE6-55C408E48482}.AppStore|iPhoneSimulator.Build.0 = Debug|Any CPU
		{46E8F48D-9978-42FB-BDE6-55C408E48482}.Debug|Any CPU.ActiveCfg = Debug|Any CPU
		{46E8F48D-9978-42FB-BDE6-55C408E48482}.Debug|Any CPU.Build.0 = Debug|Any CPU
		{46E8F48D-9978-42FB-BDE6-55C408E48482}.Debug|iPhone.ActiveCfg = Debug|Any CPU
		{46E8F48D-9978-42FB-BDE6-55C408E48482}.Debug|iPhone.Build.0 = Debug|Any CPU
		{46E8F48D-9978-42FB-BDE6-55C408E48482}.Debug|iPhoneSimulator.ActiveCfg = Debug|Any CPU
		{46E8F48D-9978-42FB-BDE6-55C408E48482}.Debug|iPhoneSimulator.Build.0 = Debug|Any CPU
		{46E8F48D-9978-42FB-BDE6-55C408E48482}.Release|Any CPU.ActiveCfg = Release|Any CPU
		{46E8F48D-9978-42FB-BDE6-55C408E48482}.Release|Any CPU.Build.0 = Release|Any CPU
		{46E8F48D-9978-42FB-BDE6-55C408E48482}.Release|iPhone.ActiveCfg = Release|Any CPU
		{46E8F48D-9978-42FB-BDE6-55C408E48482}.Release|iPhone.Build.0 = Release|Any CPU
		{46E8F48D-9978-42FB-BDE6-55C408E48482}.Release|iPhoneSimulator.ActiveCfg = Release|Any CPU
		{46E8F48D-9978-42FB-BDE6-55C408E48482}.Release|iPhoneSimulator.Build.0 = Release|Any CPU
		{4D6A6563-1A7B-4B30-B311-663089113620}.Ad-Hoc|Any CPU.ActiveCfg = Debug|Any CPU
		{4D6A6563-1A7B-4B30-B311-663089113620}.Ad-Hoc|Any CPU.Build.0 = Debug|Any CPU
		{4D6A6563-1A7B-4B30-B311-663089113620}.Ad-Hoc|iPhone.ActiveCfg = Debug|Any CPU
		{4D6A6563-1A7B-4B30-B311-663089113620}.Ad-Hoc|iPhone.Build.0 = Debug|Any CPU
		{4D6A6563-1A7B-4B30-B311-663089113620}.Ad-Hoc|iPhoneSimulator.ActiveCfg = Debug|Any CPU
		{4D6A6563-1A7B-4B30-B311-663089113620}.Ad-Hoc|iPhoneSimulator.Build.0 = Debug|Any CPU
		{4D6A6563-1A7B-4B30-B311-663089113620}.AppStore|Any CPU.ActiveCfg = Debug|Any CPU
		{4D6A6563-1A7B-4B30-B311-663089113620}.AppStore|Any CPU.Build.0 = Debug|Any CPU
		{4D6A6563-1A7B-4B30-B311-663089113620}.AppStore|iPhone.ActiveCfg = Debug|Any CPU
		{4D6A6563-1A7B-4B30-B311-663089113620}.AppStore|iPhone.Build.0 = Debug|Any CPU
		{4D6A6563-1A7B-4B30-B311-663089113620}.AppStore|iPhoneSimulator.ActiveCfg = Debug|Any CPU
		{4D6A6563-1A7B-4B30-B311-663089113620}.AppStore|iPhoneSimulator.Build.0 = Debug|Any CPU
		{4D6A6563-1A7B-4B30-B311-663089113620}.Debug|Any CPU.ActiveCfg = Debug|Any CPU
		{4D6A6563-1A7B-4B30-B311-663089113620}.Debug|Any CPU.Build.0 = Debug|Any CPU
		{4D6A6563-1A7B-4B30-B311-663089113620}.Debug|iPhone.ActiveCfg = Debug|Any CPU
		{4D6A6563-1A7B-4B30-B311-663089113620}.Debug|iPhone.Build.0 = Debug|Any CPU
		{4D6A6563-1A7B-4B30-B311-663089113620}.Debug|iPhoneSimulator.ActiveCfg = Debug|Any CPU
		{4D6A6563-1A7B-4B30-B311-663089113620}.Debug|iPhoneSimulator.Build.0 = Debug|Any CPU
		{4D6A6563-1A7B-4B30-B311-663089113620}.Release|Any CPU.ActiveCfg = Release|Any CPU
		{4D6A6563-1A7B-4B30-B311-663089113620}.Release|Any CPU.Build.0 = Release|Any CPU
		{4D6A6563-1A7B-4B30-B311-663089113620}.Release|iPhone.ActiveCfg = Release|Any CPU
		{4D6A6563-1A7B-4B30-B311-663089113620}.Release|iPhone.Build.0 = Release|Any CPU
		{4D6A6563-1A7B-4B30-B311-663089113620}.Release|iPhoneSimulator.ActiveCfg = Release|Any CPU
		{4D6A6563-1A7B-4B30-B311-663089113620}.Release|iPhoneSimulator.Build.0 = Release|Any CPU
		{F09498A8-5744-4E6C-877B-2B976DFC9F5D}.Ad-Hoc|Any CPU.ActiveCfg = Debug|Any CPU
		{F09498A8-5744-4E6C-877B-2B976DFC9F5D}.Ad-Hoc|Any CPU.Build.0 = Debug|Any CPU
		{F09498A8-5744-4E6C-877B-2B976DFC9F5D}.Ad-Hoc|iPhone.ActiveCfg = Debug|Any CPU
		{F09498A8-5744-4E6C-877B-2B976DFC9F5D}.Ad-Hoc|iPhone.Build.0 = Debug|Any CPU
		{F09498A8-5744-4E6C-877B-2B976DFC9F5D}.Ad-Hoc|iPhoneSimulator.ActiveCfg = Debug|Any CPU
		{F09498A8-5744-4E6C-877B-2B976DFC9F5D}.Ad-Hoc|iPhoneSimulator.Build.0 = Debug|Any CPU
		{F09498A8-5744-4E6C-877B-2B976DFC9F5D}.AppStore|Any CPU.ActiveCfg = Debug|Any CPU
		{F09498A8-5744-4E6C-877B-2B976DFC9F5D}.AppStore|Any CPU.Build.0 = Debug|Any CPU
		{F09498A8-5744-4E6C-877B-2B976DFC9F5D}.AppStore|iPhone.ActiveCfg = Debug|Any CPU
		{F09498A8-5744-4E6C-877B-2B976DFC9F5D}.AppStore|iPhone.Build.0 = Debug|Any CPU
		{F09498A8-5744-4E6C-877B-2B976DFC9F5D}.AppStore|iPhoneSimulator.ActiveCfg = Debug|Any CPU
		{F09498A8-5744-4E6C-877B-2B976DFC9F5D}.AppStore|iPhoneSimulator.Build.0 = Debug|Any CPU
		{F09498A8-5744-4E6C-877B-2B976DFC9F5D}.Debug|Any CPU.ActiveCfg = Debug|Any CPU
		{F09498A8-5744-4E6C-877B-2B976DFC9F5D}.Debug|Any CPU.Build.0 = Debug|Any CPU
		{F09498A8-5744-4E6C-877B-2B976DFC9F5D}.Debug|iPhone.ActiveCfg = Debug|Any CPU
		{F09498A8-5744-4E6C-877B-2B976DFC9F5D}.Debug|iPhone.Build.0 = Debug|Any CPU
		{F09498A8-5744-4E6C-877B-2B976DFC9F5D}.Debug|iPhoneSimulator.ActiveCfg = Debug|Any CPU
		{F09498A8-5744-4E6C-877B-2B976DFC9F5D}.Debug|iPhoneSimulator.Build.0 = Debug|Any CPU
		{F09498A8-5744-4E6C-877B-2B976DFC9F5D}.Release|Any CPU.ActiveCfg = Release|Any CPU
		{F09498A8-5744-4E6C-877B-2B976DFC9F5D}.Release|Any CPU.Build.0 = Release|Any CPU
		{F09498A8-5744-4E6C-877B-2B976DFC9F5D}.Release|iPhone.ActiveCfg = Release|Any CPU
		{F09498A8-5744-4E6C-877B-2B976DFC9F5D}.Release|iPhone.Build.0 = Release|Any CPU
		{F09498A8-5744-4E6C-877B-2B976DFC9F5D}.Release|iPhoneSimulator.ActiveCfg = Release|Any CPU
		{F09498A8-5744-4E6C-877B-2B976DFC9F5D}.Release|iPhoneSimulator.Build.0 = Release|Any CPU
		{256447B0-ECF2-407A-8132-3D45A641F254}.Ad-Hoc|Any CPU.ActiveCfg = Release|Any CPU
		{256447B0-ECF2-407A-8132-3D45A641F254}.Ad-Hoc|Any CPU.Build.0 = Release|Any CPU
		{256447B0-ECF2-407A-8132-3D45A641F254}.Ad-Hoc|Any CPU.Deploy.0 = Release|Any CPU
		{256447B0-ECF2-407A-8132-3D45A641F254}.Ad-Hoc|iPhone.ActiveCfg = Release|Any CPU
		{256447B0-ECF2-407A-8132-3D45A641F254}.Ad-Hoc|iPhone.Build.0 = Release|Any CPU
		{256447B0-ECF2-407A-8132-3D45A641F254}.Ad-Hoc|iPhone.Deploy.0 = Release|Any CPU
		{256447B0-ECF2-407A-8132-3D45A641F254}.Ad-Hoc|iPhoneSimulator.ActiveCfg = Release|Any CPU
		{256447B0-ECF2-407A-8132-3D45A641F254}.Ad-Hoc|iPhoneSimulator.Build.0 = Release|Any CPU
		{256447B0-ECF2-407A-8132-3D45A641F254}.Ad-Hoc|iPhoneSimulator.Deploy.0 = Release|Any CPU
		{256447B0-ECF2-407A-8132-3D45A641F254}.AppStore|Any CPU.ActiveCfg = Release|Any CPU
		{256447B0-ECF2-407A-8132-3D45A641F254}.AppStore|Any CPU.Build.0 = Release|Any CPU
		{256447B0-ECF2-407A-8132-3D45A641F254}.AppStore|Any CPU.Deploy.0 = Release|Any CPU
		{256447B0-ECF2-407A-8132-3D45A641F254}.AppStore|iPhone.ActiveCfg = Release|Any CPU
		{256447B0-ECF2-407A-8132-3D45A641F254}.AppStore|iPhone.Build.0 = Release|Any CPU
		{256447B0-ECF2-407A-8132-3D45A641F254}.AppStore|iPhone.Deploy.0 = Release|Any CPU
		{256447B0-ECF2-407A-8132-3D45A641F254}.AppStore|iPhoneSimulator.ActiveCfg = Release|Any CPU
		{256447B0-ECF2-407A-8132-3D45A641F254}.AppStore|iPhoneSimulator.Build.0 = Release|Any CPU
		{256447B0-ECF2-407A-8132-3D45A641F254}.AppStore|iPhoneSimulator.Deploy.0 = Release|Any CPU
		{256447B0-ECF2-407A-8132-3D45A641F254}.Debug|Any CPU.ActiveCfg = Debug|Any CPU
		{256447B0-ECF2-407A-8132-3D45A641F254}.Debug|Any CPU.Build.0 = Debug|Any CPU
		{256447B0-ECF2-407A-8132-3D45A641F254}.Debug|Any CPU.Deploy.0 = Debug|Any CPU
		{256447B0-ECF2-407A-8132-3D45A641F254}.Debug|iPhone.ActiveCfg = Debug|Any CPU
		{256447B0-ECF2-407A-8132-3D45A641F254}.Debug|iPhone.Build.0 = Debug|Any CPU
		{256447B0-ECF2-407A-8132-3D45A641F254}.Debug|iPhone.Deploy.0 = Debug|Any CPU
		{256447B0-ECF2-407A-8132-3D45A641F254}.Debug|iPhoneSimulator.ActiveCfg = Debug|Any CPU
		{256447B0-ECF2-407A-8132-3D45A641F254}.Debug|iPhoneSimulator.Build.0 = Debug|Any CPU
		{256447B0-ECF2-407A-8132-3D45A641F254}.Debug|iPhoneSimulator.Deploy.0 = Debug|Any CPU
		{256447B0-ECF2-407A-8132-3D45A641F254}.Release|Any CPU.ActiveCfg = Release|Any CPU
		{256447B0-ECF2-407A-8132-3D45A641F254}.Release|Any CPU.Build.0 = Release|Any CPU
		{256447B0-ECF2-407A-8132-3D45A641F254}.Release|Any CPU.Deploy.0 = Release|Any CPU
		{256447B0-ECF2-407A-8132-3D45A641F254}.Release|iPhone.ActiveCfg = Release|Any CPU
		{256447B0-ECF2-407A-8132-3D45A641F254}.Release|iPhone.Build.0 = Release|Any CPU
		{256447B0-ECF2-407A-8132-3D45A641F254}.Release|iPhone.Deploy.0 = Release|Any CPU
		{256447B0-ECF2-407A-8132-3D45A641F254}.Release|iPhoneSimulator.ActiveCfg = Release|Any CPU
		{256447B0-ECF2-407A-8132-3D45A641F254}.Release|iPhoneSimulator.Build.0 = Release|Any CPU
		{256447B0-ECF2-407A-8132-3D45A641F254}.Release|iPhoneSimulator.Deploy.0 = Release|Any CPU
		{339AFAD9-B789-4C44-8121-4D08E2355789}.Ad-Hoc|Any CPU.ActiveCfg = Ad-Hoc|iPhone
		{339AFAD9-B789-4C44-8121-4D08E2355789}.Ad-Hoc|iPhone.ActiveCfg = Ad-Hoc|iPhone
		{339AFAD9-B789-4C44-8121-4D08E2355789}.Ad-Hoc|iPhone.Build.0 = Ad-Hoc|iPhone
		{339AFAD9-B789-4C44-8121-4D08E2355789}.Ad-Hoc|iPhoneSimulator.ActiveCfg = Ad-Hoc|iPhoneSimulator
		{339AFAD9-B789-4C44-8121-4D08E2355789}.Ad-Hoc|iPhoneSimulator.Build.0 = Ad-Hoc|iPhoneSimulator
		{339AFAD9-B789-4C44-8121-4D08E2355789}.AppStore|Any CPU.ActiveCfg = AppStore|iPhone
		{339AFAD9-B789-4C44-8121-4D08E2355789}.AppStore|iPhone.ActiveCfg = AppStore|iPhone
		{339AFAD9-B789-4C44-8121-4D08E2355789}.AppStore|iPhone.Build.0 = AppStore|iPhone
		{339AFAD9-B789-4C44-8121-4D08E2355789}.AppStore|iPhoneSimulator.ActiveCfg = AppStore|iPhoneSimulator
		{339AFAD9-B789-4C44-8121-4D08E2355789}.AppStore|iPhoneSimulator.Build.0 = AppStore|iPhoneSimulator
		{339AFAD9-B789-4C44-8121-4D08E2355789}.Debug|Any CPU.ActiveCfg = Debug|iPhone
		{339AFAD9-B789-4C44-8121-4D08E2355789}.Debug|iPhone.ActiveCfg = Debug|iPhone
		{339AFAD9-B789-4C44-8121-4D08E2355789}.Debug|iPhone.Build.0 = Debug|iPhone
		{339AFAD9-B789-4C44-8121-4D08E2355789}.Debug|iPhoneSimulator.ActiveCfg = Debug|iPhoneSimulator
		{339AFAD9-B789-4C44-8121-4D08E2355789}.Debug|iPhoneSimulator.Build.0 = Debug|iPhoneSimulator
		{339AFAD9-B789-4C44-8121-4D08E2355789}.Release|Any CPU.ActiveCfg = Release|iPhone
		{339AFAD9-B789-4C44-8121-4D08E2355789}.Release|iPhone.ActiveCfg = Release|iPhone
		{339AFAD9-B789-4C44-8121-4D08E2355789}.Release|iPhone.Build.0 = Release|iPhone
		{339AFAD9-B789-4C44-8121-4D08E2355789}.Release|iPhoneSimulator.ActiveCfg = Release|iPhoneSimulator
		{339AFAD9-B789-4C44-8121-4D08E2355789}.Release|iPhoneSimulator.Build.0 = Release|iPhoneSimulator
		{477B2803-F7CA-41F4-BD69-3877B2B51230}.Ad-Hoc|Any CPU.ActiveCfg = Release|Any CPU
		{477B2803-F7CA-41F4-BD69-3877B2B51230}.Ad-Hoc|Any CPU.Build.0 = Release|Any CPU
		{477B2803-F7CA-41F4-BD69-3877B2B51230}.Ad-Hoc|Any CPU.Deploy.0 = Release|Any CPU
		{477B2803-F7CA-41F4-BD69-3877B2B51230}.Ad-Hoc|iPhone.ActiveCfg = Release|Any CPU
		{477B2803-F7CA-41F4-BD69-3877B2B51230}.Ad-Hoc|iPhone.Build.0 = Release|Any CPU
		{477B2803-F7CA-41F4-BD69-3877B2B51230}.Ad-Hoc|iPhone.Deploy.0 = Release|Any CPU
		{477B2803-F7CA-41F4-BD69-3877B2B51230}.Ad-Hoc|iPhoneSimulator.ActiveCfg = Release|Any CPU
		{477B2803-F7CA-41F4-BD69-3877B2B51230}.Ad-Hoc|iPhoneSimulator.Build.0 = Release|Any CPU
		{477B2803-F7CA-41F4-BD69-3877B2B51230}.Ad-Hoc|iPhoneSimulator.Deploy.0 = Release|Any CPU
		{477B2803-F7CA-41F4-BD69-3877B2B51230}.AppStore|Any CPU.ActiveCfg = Release|Any CPU
		{477B2803-F7CA-41F4-BD69-3877B2B51230}.AppStore|Any CPU.Build.0 = Release|Any CPU
		{477B2803-F7CA-41F4-BD69-3877B2B51230}.AppStore|Any CPU.Deploy.0 = Release|Any CPU
		{477B2803-F7CA-41F4-BD69-3877B2B51230}.AppStore|iPhone.ActiveCfg = Release|Any CPU
		{477B2803-F7CA-41F4-BD69-3877B2B51230}.AppStore|iPhone.Build.0 = Release|Any CPU
		{477B2803-F7CA-41F4-BD69-3877B2B51230}.AppStore|iPhone.Deploy.0 = Release|Any CPU
		{477B2803-F7CA-41F4-BD69-3877B2B51230}.AppStore|iPhoneSimulator.ActiveCfg = Release|Any CPU
		{477B2803-F7CA-41F4-BD69-3877B2B51230}.AppStore|iPhoneSimulator.Build.0 = Release|Any CPU
		{477B2803-F7CA-41F4-BD69-3877B2B51230}.AppStore|iPhoneSimulator.Deploy.0 = Release|Any CPU
		{477B2803-F7CA-41F4-BD69-3877B2B51230}.Debug|Any CPU.ActiveCfg = Debug|Any CPU
		{477B2803-F7CA-41F4-BD69-3877B2B51230}.Debug|Any CPU.Build.0 = Debug|Any CPU
		{477B2803-F7CA-41F4-BD69-3877B2B51230}.Debug|Any CPU.Deploy.0 = Debug|Any CPU
		{477B2803-F7CA-41F4-BD69-3877B2B51230}.Debug|iPhone.ActiveCfg = Debug|Any CPU
		{477B2803-F7CA-41F4-BD69-3877B2B51230}.Debug|iPhone.Build.0 = Debug|Any CPU
		{477B2803-F7CA-41F4-BD69-3877B2B51230}.Debug|iPhone.Deploy.0 = Debug|Any CPU
		{477B2803-F7CA-41F4-BD69-3877B2B51230}.Debug|iPhoneSimulator.ActiveCfg = Debug|Any CPU
		{477B2803-F7CA-41F4-BD69-3877B2B51230}.Debug|iPhoneSimulator.Build.0 = Debug|Any CPU
		{477B2803-F7CA-41F4-BD69-3877B2B51230}.Debug|iPhoneSimulator.Deploy.0 = Debug|Any CPU
		{477B2803-F7CA-41F4-BD69-3877B2B51230}.Release|Any CPU.ActiveCfg = Release|Any CPU
		{477B2803-F7CA-41F4-BD69-3877B2B51230}.Release|Any CPU.Build.0 = Release|Any CPU
		{477B2803-F7CA-41F4-BD69-3877B2B51230}.Release|Any CPU.Deploy.0 = Release|Any CPU
		{477B2803-F7CA-41F4-BD69-3877B2B51230}.Release|iPhone.ActiveCfg = Release|Any CPU
		{477B2803-F7CA-41F4-BD69-3877B2B51230}.Release|iPhone.Build.0 = Release|Any CPU
		{477B2803-F7CA-41F4-BD69-3877B2B51230}.Release|iPhone.Deploy.0 = Release|Any CPU
		{477B2803-F7CA-41F4-BD69-3877B2B51230}.Release|iPhoneSimulator.ActiveCfg = Release|Any CPU
		{477B2803-F7CA-41F4-BD69-3877B2B51230}.Release|iPhoneSimulator.Build.0 = Release|Any CPU
		{477B2803-F7CA-41F4-BD69-3877B2B51230}.Release|iPhoneSimulator.Deploy.0 = Release|Any CPU
	EndGlobalSection
	GlobalSection(SolutionProperties) = preSolution
		HideSolutionNode = FALSE
	EndGlobalSection
	GlobalSection(ExtensibilityGlobals) = postSolution
		SolutionGuid = {2B69D783-842B-4D48-B697-E2005CE7C2F1}
	EndGlobalSection
EndGlobal
